# This file is automatically @generated by Cargo.
# It is not intended for manual editing.
version = 3

[[package]]
name = "arguments"
version = "0.7.1"
source = "registry+https://github.com/rust-lang/crates.io-index"
checksum = "8d8b6590432235ca848cccae06397e642a4e984b37c546dc1b0dcb056b9dcd23"
dependencies = [
 "options",
]

[[package]]
name = "backvol"
version = "0.1.0"
dependencies = [
 "arguments",
 "yaml-rust",
]

[[package]]
name = "linked-hash-map"
version = "0.5.6"
source = "registry+https://github.com/rust-lang/crates.io-index"
checksum = "0717cef1bc8b636c6e1c1bbdefc09e6322da8a9321966e8928ef80d20f7f770f"

[[package]]
name = "options"
version = "0.5.2"
source = "registry+https://github.com/rust-lang/crates.io-index"
checksum = "61a1c9b12c453182754f3126c5689324c7214265de2df79917b59de87547a916"

[[package]]
name = "yaml-rust"
version = "0.4.5"
source = "registry+https://github.com/rust-lang/crates.io-index"
checksum = "56c1936c4cc7a1c9ab21a1ebb602eb942ba868cbd44a99cb7cdc5892335e1c85"
dependencies = [
 "linked-hash-map",
]
